
Microsoft Visual Studio Solution File, Format Version 12.00
# Visual Studio 15
VisualStudioVersion = 15.0.27130.2027
MinimumVisualStudioVersion = 10.0.40219.1
Project("{FAE04EC0-301F-11D3-BF4B-00C04F79EFBC}") = "Words", "Words\Words.csproj", "{C353987A-BBCF-451A-8FDA-BC59A04B0F6D}"
EndProject
Global
	GlobalSection(SolutionConfigurationPlatforms) = preSolution
		Debug|Any CPU = Debug|Any CPU
		Release|Any CPU = Release|Any CPU
	EndGlobalSection
	GlobalSection(ProjectConfigurationPlatforms) = postSolution
		{C353987A-BBCF-451A-8FDA-BC59A04B0F6D}.Debug|Any CPU.ActiveCfg = Debug|Any CPU
		{C353987A-BBCF-451A-8FDA-BC59A04B0F6D}.Debug|Any CPU.Build.0 = Debug|Any CPU
		{C353987A-BBCF-451A-8FDA-BC59A04B0F6D}.Release|Any CPU.ActiveCfg = Release|Any CPU
		{C353987A-BBCF-451A-8FDA-BC59A04B0F6D}.Release|Any CPU.Build.0 = Release|Any CPU
	EndGlobalSection
	GlobalSection(SolutionProperties) = preSolution
		HideSolutionNode = FALSE
	EndGlobalSection
	GlobalSection(ExtensibilityGlobals) = postSolution
		SolutionGuid = {1A5A335B-0FD2-4395-9299-D82B81D2E2FD}
	EndGlobalSection
EndGlobal
